
Microsoft Visual Studio Solution File, Format Version 12.00
# Visual Studio 15
VisualStudioVersion = 15.0.28010.2026
MinimumVisualStudioVersion = 10.0.40219.1
Project("{FAE04EC0-301F-11D3-BF4B-00C04F79EFBC}") = "BuildingSecurity", "BuildingSecurity\BuildingSecurity.csproj", "{800C8C1A-6EBB-43DF-932E-8626EB0C15A7}"
EndProject
Project("{FAE04EC0-301F-11D3-BF4B-00C04F79EFBC}") = "BuildingSecurityTest", "..\BuildingSecurityTest\BuildingSecurityTest.csproj", "{4C379D2E-FFB1-4358-96C3-CA03875BAF54}"
EndProject
Global
	GlobalSection(SolutionConfigurationPlatforms) = preSolution
		Debug|Any CPU = Debug|Any CPU
		Release|Any CPU = Release|Any CPU
	EndGlobalSection
	GlobalSection(ProjectConfigurationPlatforms) = postSolution
		{800C8C1A-6EBB-43DF-932E-8626EB0C15A7}.Debug|Any CPU.ActiveCfg = Debug|Any CPU
		{800C8C1A-6EBB-43DF-932E-8626EB0C15A7}.Debug|Any CPU.Build.0 = Debug|Any CPU
		{800C8C1A-6EBB-43DF-932E-8626EB0C15A7}.Release|Any CPU.ActiveCfg = Release|Any CPU
		{800C8C1A-6EBB-43DF-932E-8626EB0C15A7}.Release|Any CPU.Build.0 = Release|Any CPU
		{4C379D2E-FFB1-4358-96C3-CA03875BAF54}.Debug|Any CPU.ActiveCfg = Debug|Any CPU
		{4C379D2E-FFB1-4358-96C3-CA03875BAF54}.Debug|Any CPU.Build.0 = Debug|Any CPU
		{4C379D2E-FFB1-4358-96C3-CA03875BAF54}.Release|Any CPU.ActiveCfg = Release|Any CPU
		{4C379D2E-FFB1-4358-96C3-CA03875BAF54}.Release|Any CPU.Build.0 = Release|Any CPU
	EndGlobalSection
	GlobalSection(SolutionProperties) = preSolution
		HideSolutionNode = FALSE
	EndGlobalSection
	GlobalSection(ExtensibilityGlobals) = postSolution
		SolutionGuid = {ED4F01FA-EB40-4FDB-83BF-1C77CD8A817F}
	EndGlobalSection
EndGlobal
